
Microsoft Visual Studio Solution File, Format Version 12.00
# Visual Studio Version 17
VisualStudioVersion = 17.11.35312.102
MinimumVisualStudioVersion = 10.0.40219.1
Project("{9A19103F-16F7-4668-BE54-9A1E7A4F7556}") = "Villa.WebUI", "Villa.WebUI\Villa.WebUI.csproj", "{438F149A-807C-4753-BB8F-5EF0D598F5F8}"
EndProject
Project("{9A19103F-16F7-4668-BE54-9A1E7A4F7556}") = "Villa.Entity", "Villa.Entity\Villa.Entity.csproj", "{C11D7539-11AD-4092-BEEB-A9BE0A01F354}"
EndProject
Project("{9A19103F-16F7-4668-BE54-9A1E7A4F7556}") = "Villa.DataAccess", "Villa.DataAccess\Villa.DataAccess.csproj", "{0D7B0A97-B514-40CA-B854-EA47CE8412F7}"
EndProject
Project("{9A19103F-16F7-4668-BE54-9A1E7A4F7556}") = "Villa.Business", "Villa.Business\Villa.Business.csproj", "{70D1EF2B-8939-4085-BC79-33BDEAF0B3E6}"
EndProject
Project("{9A19103F-16F7-4668-BE54-9A1E7A4F7556}") = "Villa.DTO", "Villa.DTO\Villa.DTO.csproj", "{7B04EA37-90A2-463F-9FBC-2E1CE08117C1}"
EndProject
Global
	GlobalSection(SolutionConfigurationPlatforms) = preSolution
		Debug|Any CPU = Debug|Any CPU
		Release|Any CPU = Release|Any CPU
	EndGlobalSection
	GlobalSection(ProjectConfigurationPlatforms) = postSolution
		{438F149A-807C-4753-BB8F-5EF0D598F5F8}.Debug|Any CPU.ActiveCfg = Debug|Any CPU
		{438F149A-807C-4753-BB8F-5EF0D598F5F8}.Debug|Any CPU.Build.0 = Debug|Any CPU
		{438F149A-807C-4753-BB8F-5EF0D598F5F8}.Release|Any CPU.ActiveCfg = Release|Any CPU
		{438F149A-807C-4753-BB8F-5EF0D598F5F8}.Release|Any CPU.Build.0 = Release|Any CPU
		{C11D7539-11AD-4092-BEEB-A9BE0A01F354}.Debug|Any CPU.ActiveCfg = Debug|Any CPU
		{C11D7539-11AD-4092-BEEB-A9BE0A01F354}.Debug|Any CPU.Build.0 = Debug|Any CPU
		{C11D7539-11AD-4092-BEEB-A9BE0A01F354}.Release|Any CPU.ActiveCfg = Release|Any CPU
		{C11D7539-11AD-4092-BEEB-A9BE0A01F354}.Release|Any CPU.Build.0 = Release|Any CPU
		{0D7B0A97-B514-40CA-B854-EA47CE8412F7}.Debug|Any CPU.ActiveCfg = Debug|Any CPU
		{0D7B0A97-B514-40CA-B854-EA47CE8412F7}.Debug|Any CPU.Build.0 = Debug|Any CPU
		{0D7B0A97-B514-40CA-B854-EA47CE8412F7}.Release|Any CPU.ActiveCfg = Release|Any CPU
		{0D7B0A97-B514-40CA-B854-EA47CE8412F7}.Release|Any CPU.Build.0 = Release|Any CPU
		{70D1EF2B-8939-4085-BC79-33BDEAF0B3E6}.Debug|Any CPU.ActiveCfg = Debug|Any CPU
		{70D1EF2B-8939-4085-BC79-33BDEAF0B3E6}.Debug|Any CPU.Build.0 = Debug|Any CPU
		{70D1EF2B-8939-4085-BC79-33BDEAF0B3E6}.Release|Any CPU.ActiveCfg = Release|Any CPU
		{70D1EF2B-8939-4085-BC79-33BDEAF0B3E6}.Release|Any CPU.Build.0 = Release|Any CPU
		{7B04EA37-90A2-463F-9FBC-2E1CE08117C1}.Debug|Any CPU.ActiveCfg = Debug|Any CPU
		{7B04EA37-90A2-463F-9FBC-2E1CE08117C1}.Debug|Any CPU.Build.0 = Debug|Any CPU
		{7B04EA37-90A2-463F-9FBC-2E1CE08117C1}.Release|Any CPU.ActiveCfg = Release|Any CPU
		{7B04EA37-90A2-463F-9FBC-2E1CE08117C1}.Release|Any CPU.Build.0 = Release|Any CPU
	EndGlobalSection
	GlobalSection(SolutionProperties) = preSolution
		HideSolutionNode = FALSE
	EndGlobalSection
	GlobalSection(ExtensibilityGlobals) = postSolution
		SolutionGuid = {56CF4790-60F5-4E13-8A2E-A3B2570CE8ED}
	EndGlobalSection
EndGlobal
